
Microsoft Visual Studio Solution File, Format Version 12.00
# Visual Studio 15
VisualStudioVersion = 15.0.28307.1000
MinimumVisualStudioVersion = 10.0.40219.1
Project("{FAE04EC0-301F-11D3-BF4B-00C04F79EFBC}") = "CapaPresentacion", "CapaPresentacion\CapaPresentacion.csproj", "{033BB633-43FC-4F49-808A-1CFD29801148}"
EndProject
Project("{FAE04EC0-301F-11D3-BF4B-00C04F79EFBC}") = "CapaDatos", "CapaDatos\CapaDatos.csproj", "{64205E72-BFE0-40EB-85AF-1648933DB4FE}"
EndProject
Project("{FAE04EC0-301F-11D3-BF4B-00C04F79EFBC}") = "CapaNegocio", "CapaNegocio\CapaNegocio.csproj", "{F85EC78C-315F-45A7-8651-D1B480AED31C}"
EndProject
Global
	GlobalSection(SolutionConfigurationPlatforms) = preSolution
		Debug|Any CPU = Debug|Any CPU
		Release|Any CPU = Release|Any CPU
	EndGlobalSection
	GlobalSection(ProjectConfigurationPlatforms) = postSolution
		{033BB633-43FC-4F49-808A-1CFD29801148}.Debug|Any CPU.ActiveCfg = Debug|Any CPU
		{033BB633-43FC-4F49-808A-1CFD29801148}.Debug|Any CPU.Build.0 = Debug|Any CPU
		{033BB633-43FC-4F49-808A-1CFD29801148}.Release|Any CPU.ActiveCfg = Release|Any CPU
		{033BB633-43FC-4F49-808A-1CFD29801148}.Release|Any CPU.Build.0 = Release|Any CPU
		{64205E72-BFE0-40EB-85AF-1648933DB4FE}.Debug|Any CPU.ActiveCfg = Debug|Any CPU
		{64205E72-BFE0-40EB-85AF-1648933DB4FE}.Debug|Any CPU.Build.0 = Debug|Any CPU
		{64205E72-BFE0-40EB-85AF-1648933DB4FE}.Release|Any CPU.ActiveCfg = Release|Any CPU
		{64205E72-BFE0-40EB-85AF-1648933DB4FE}.Release|Any CPU.Build.0 = Release|Any CPU
		{F85EC78C-315F-45A7-8651-D1B480AED31C}.Debug|Any CPU.ActiveCfg = Debug|Any CPU
		{F85EC78C-315F-45A7-8651-D1B480AED31C}.Debug|Any CPU.Build.0 = Debug|Any CPU
		{F85EC78C-315F-45A7-8651-D1B480AED31C}.Release|Any CPU.ActiveCfg = Release|Any CPU
		{F85EC78C-315F-45A7-8651-D1B480AED31C}.Release|Any CPU.Build.0 = Release|Any CPU
	EndGlobalSection
	GlobalSection(SolutionProperties) = preSolution
		HideSolutionNode = FALSE
	EndGlobalSection
	GlobalSection(ExtensibilityGlobals) = postSolution
		SolutionGuid = {7A2A6FD6-EC01-4967-9787-153F7200D437}
	EndGlobalSection
EndGlobal
